Microsoft Visual Studio Solution File, Format Version 8.00
Project("{FAE04EC0-301F-11D3-BF4B-00C04F79EFBC}") = "Sonic.Net", "..\Sonic.Net\Sonic.Net.csproj", "{CA28E59F-58F8-4AFC-A395-616B9B74109C}"
	ProjectSection(ProjectDependencies) = postProject
	EndProjectSection
EndProject
Project("{FAE04EC0-301F-11D3-BF4B-00C04F79EFBC}") = "Sonic.Net Demo Application", "..\Sonic.Net Demo Application\Sonic.Net Demo Application.csproj", "{C3775484-689D-4780-AE2B-74FEBDF480F7}"
	ProjectSection(ProjectDependencies) = postProject
		{CA28E59F-58F8-4AFC-A395-616B9B74109C} = {CA28E59F-58F8-4AFC-A395-616B9B74109C}
	EndProjectSection
EndProject
Project("{FAE04EC0-301F-11D3-BF4B-00C04F79EFBC}") = "Sonic.Net Console Demo", "..\Sonic.Net Console Demo\Sonic.Net Console Demo.csproj", "{13D02510-EA5A-4C9F-9587-6402922CC37F}"
	ProjectSection(ProjectDependencies) = postProject
	EndProjectSection
EndProject
Global
	GlobalSection(SolutionConfiguration) = preSolution
		Debug = Debug
		Release = Release
	EndGlobalSection
	GlobalSection(ProjectConfiguration) = postSolution
		{CA28E59F-58F8-4AFC-A395-616B9B74109C}.Debug.ActiveCfg = Debug|.NET
		{CA28E59F-58F8-4AFC-A395-616B9B74109C}.Debug.Build.0 = Debug|.NET
		{CA28E59F-58F8-4AFC-A395-616B9B74109C}.Release.ActiveCfg = Release|.NET
		{CA28E59F-58F8-4AFC-A395-616B9B74109C}.Release.Build.0 = Release|.NET
		{C3775484-689D-4780-AE2B-74FEBDF480F7}.Debug.ActiveCfg = Debug|.NET
		{C3775484-689D-4780-AE2B-74FEBDF480F7}.Debug.Build.0 = Debug|.NET
		{C3775484-689D-4780-AE2B-74FEBDF480F7}.Release.ActiveCfg = Release|.NET
		{C3775484-689D-4780-AE2B-74FEBDF480F7}.Release.Build.0 = Release|.NET
		{13D02510-EA5A-4C9F-9587-6402922CC37F}.Debug.ActiveCfg = Debug|.NET
		{13D02510-EA5A-4C9F-9587-6402922CC37F}.Debug.Build.0 = Debug|.NET
		{13D02510-EA5A-4C9F-9587-6402922CC37F}.Release.ActiveCfg = Release|.NET
		{13D02510-EA5A-4C9F-9587-6402922CC37F}.Release.Build.0 = Release|.NET
	EndGlobalSection
	GlobalSection(ExtensibilityGlobals) = postSolution
	EndGlobalSection
	GlobalSection(ExtensibilityAddIns) = postSolution
	EndGlobalSection
EndGlobal
