
Microsoft Visual Studio Solution File, Format Version 12.00
# Visual Studio 2013
VisualStudioVersion = 12.0.40629.0
MinimumVisualStudioVersion = 10.0.40219.1
Project("{FAE04EC0-301F-11D3-BF4B-00C04F79EFBC}") = "WordCompletionsLocalClient", "WordCompletionClient\WordCompletionsLocalClient.csproj", "{5D551012-D163-4966-8694-FD169D3DBFD6}"
EndProject
Project("{FAE04EC0-301F-11D3-BF4B-00C04F79EFBC}") = "WordCompletions", "WordCompletion\WordCompletions.csproj", "{B8519C93-38C8-45E9-8AA7-024EF95261C9}"
EndProject
Project("{FAE04EC0-301F-11D3-BF4B-00C04F79EFBC}") = "WordCompletionsServer", "WordCompletionsServer\WordCompletionsServer.csproj", "{B17BD689-A8A1-4F55-86B3-A56B709E8546}"
EndProject
Project("{FAE04EC0-301F-11D3-BF4B-00C04F79EFBC}") = "WordCompletionsNetworkClient", "WordCompletionsNetworkClient\WordCompletionsNetworkClient.csproj", "{02258BA8-CD94-4C94-AE62-25BC7812FAEB}"
EndProject
Project("{2150E333-8FDC-42A3-9474-1A3956D46DE8}") = "Solution Items", "Solution Items", "{0CF8E234-F849-4C19-8B0E-CA1A8BACBD81}"
	ProjectSection(SolutionItems) = preProject
		readme.txt = readme.txt
	EndProjectSection
EndProject
Global
	GlobalSection(SolutionConfigurationPlatforms) = preSolution
		Debug|Any CPU = Debug|Any CPU
		Release|Any CPU = Release|Any CPU
	EndGlobalSection
	GlobalSection(ProjectConfigurationPlatforms) = postSolution
		{5D551012-D163-4966-8694-FD169D3DBFD6}.Debug|Any CPU.ActiveCfg = Debug|Any CPU
		{5D551012-D163-4966-8694-FD169D3DBFD6}.Debug|Any CPU.Build.0 = Debug|Any CPU
		{5D551012-D163-4966-8694-FD169D3DBFD6}.Release|Any CPU.ActiveCfg = Release|Any CPU
		{5D551012-D163-4966-8694-FD169D3DBFD6}.Release|Any CPU.Build.0 = Release|Any CPU
		{B8519C93-38C8-45E9-8AA7-024EF95261C9}.Debug|Any CPU.ActiveCfg = Debug|Any CPU
		{B8519C93-38C8-45E9-8AA7-024EF95261C9}.Debug|Any CPU.Build.0 = Debug|Any CPU
		{B8519C93-38C8-45E9-8AA7-024EF95261C9}.Release|Any CPU.ActiveCfg = Release|Any CPU
		{B8519C93-38C8-45E9-8AA7-024EF95261C9}.Release|Any CPU.Build.0 = Release|Any CPU
		{B17BD689-A8A1-4F55-86B3-A56B709E8546}.Debug|Any CPU.ActiveCfg = Debug|Any CPU
		{B17BD689-A8A1-4F55-86B3-A56B709E8546}.Debug|Any CPU.Build.0 = Debug|Any CPU
		{B17BD689-A8A1-4F55-86B3-A56B709E8546}.Release|Any CPU.ActiveCfg = Release|Any CPU
		{B17BD689-A8A1-4F55-86B3-A56B709E8546}.Release|Any CPU.Build.0 = Release|Any CPU
		{02258BA8-CD94-4C94-AE62-25BC7812FAEB}.Debug|Any CPU.ActiveCfg = Debug|Any CPU
		{02258BA8-CD94-4C94-AE62-25BC7812FAEB}.Debug|Any CPU.Build.0 = Debug|Any CPU
		{02258BA8-CD94-4C94-AE62-25BC7812FAEB}.Release|Any CPU.ActiveCfg = Release|Any CPU
		{02258BA8-CD94-4C94-AE62-25BC7812FAEB}.Release|Any CPU.Build.0 = Release|Any CPU
	EndGlobalSection
	GlobalSection(SolutionProperties) = preSolution
		HideSolutionNode = FALSE
	EndGlobalSection
EndGlobal
